// !$*UTF8*$!
{
	archiveVersion = 1;
	classes = {
	};
	objectVersion = 55;
	objects = {

/* Begin PBXBuildFile section */
		DEF3CA2528267F280050081C /* AppDelegate.swift in Sources */ = {isa = PBXBuildFile; fileRef = DEF3CA2428267F280050081C /* AppDelegate.swift */; };
		DEF3CA2728267F280050081C /* SceneDelegate.swift in Sources */ = {isa = PBXBuildFile; fileRef = DEF3CA2628267F280050081C /* SceneDelegate.swift */; };
		DEF3CA2928267F280050081C /* ViewController.swift in Sources */ = {isa = PBXBuildFile; fileRef = DEF3CA2828267F280050081C /* ViewController.swift */; };
		DEF3CA2C28267F280050081C /* Main.storyboard in Resources */ = {isa = PBXBuildFile; fileRef = DEF3CA2A28267F280050081C /* Main.storyboard */; };
		DEF3CA2E28267F290050081C /* Assets.xcassets in Resources */ = {isa = PBXBuildFile; fileRef = DEF3CA2D28267F290050081C /* Assets.xcassets */; };
		DEF3CA3128267F290050081C /* LaunchScreen.storyboard in Resources */ = {isa = PBXBuildFile; fileRef = DEF3CA2F28267F290050081C /* LaunchScreen.storyboard */; };
		DEF3CA3C28267F290050081C /* CoreLocationFrameworkTests.swift in Sources */ = {isa = PBXBuildFile; fileRef = DEF3CA3B28267F290050081C /* CoreLocationFrameworkTests.swift */; };
		DEF3CA4628267F290050081C /* CoreLocationFrameworkUITests.swift in Sources */ = {isa = PBXBuildFile; fileRef = DEF3CA4528267F290050081C /* CoreLocationFrameworkUITests.swift */; };
		DEF3CA4828267F290050081C /* CoreLocationFrameworkUITestsLaunchTests.swift in Sources */ = {isa = PBXBuildFile; fileRef = DEF3CA4728267F290050081C /* CoreLocationFrameworkUITestsLaunchTests.swift */; };
		DEF3CA5628267F500050081C /* CoreLocation.framework in Frameworks */ = {isa = PBXBuildFile; fileRef = DEF3CA5528267F500050081C /* CoreLocation.framework */; };
/* End PBXBuildFile section */

/* Begin PBXContainerItemProxy section */
		DEF3CA3828267F290050081C /* PBXContainerItemProxy */ = {
			isa = PBXContainerItemProxy;
			containerPortal = DEF3CA1928267F280050081C /* Project object */;
			proxyType = 1;
			remoteGlobalIDString = DEF3CA2028267F280050081C;
			remoteInfo = CoreLocationFramework;
		};
		DEF3CA4228267F290050081C /* PBXContainerItemProxy */ = {
			isa = PBXContainerItemProxy;
			containerPortal = DEF3CA1928267F280050081C /* Project object */;
			proxyType = 1;
			remoteGlobalIDString = DEF3CA2028267F280050081C;
			remoteInfo = CoreLocationFramework;
		};
/* End PBXContainerItemProxy section */

/* Begin PBXFileReference section */
		DEF3CA2128267F280050081C /* CoreLocationFramework.app */ = {isa = PBXFileReference; explicitFileType = wrapper.application; includeInIndex = 0; path = CoreLocationFramework.app; sourceTree = BUILT_PRODUCTS_DIR; };
		DEF3CA2428267F280050081C /* AppDelegate.swift */ = {isa = PBXFileReference; lastKnownFileType = sourcecode.swift; path = AppDelegate.swift; sourceTree = "<group>"; };
		DEF3CA2628267F280050081C /* SceneDelegate.swift */ = {isa = PBXFileReference; lastKnownFileType = sourcecode.swift; path = SceneDelegate.swift; sourceTree = "<group>"; };
		DEF3CA2828267F280050081C /* ViewController.swift */ = {isa = PBXFileReference; lastKnownFileType = sourcecode.swift; path = ViewController.swift; sourceTree = "<group>"; };
		DEF3CA2B28267F280050081C /* Base */ = {isa = PBXFileReference; lastKnownFileType = file.storyboard; name = Base; path = Base.lproj/Main.storyboard; sourceTree = "<group>"; };
		DEF3CA2D28267F290050081C /* Assets.xcassets */ = {isa = PBXFileReference; lastKnownFileType = folder.assetcatalog; path = Assets.xcassets; sourceTree = "<group>"; };
		DEF3CA3028267F290050081C /* Base */ = {isa = PBXFileReference; lastKnownFileType = file.storyboard; name = Base; path = Base.lproj/LaunchScreen.storyboard; sourceTree = "<group>"; };
		DEF3CA3228267F290050081C /* Info.plist */ = {isa = PBXFileReference; lastKnownFileType = text.plist.xml; path = Info.plist; sourceTree = "<group>"; };
		DEF3CA3728267F290050081C /* CoreLocationFrameworkTests.xctest */ = {isa = PBXFileReference; explicitFileType = wrapper.cfbundle; includeInIndex = 0; path = CoreLocationFrameworkTests.xctest; sourceTree = BUILT_PRODUCTS_DIR; };
		DEF3CA3B28267F290050081C /* CoreLocationFrameworkTests.swift */ = {isa = PBXFileReference; lastKnownFileType = sourcecode.swift; path = CoreLocationFrameworkTests.swift; sourceTree = "<group>"; };
		DEF3CA4128267F290050081C /* CoreLocationFrameworkUITests.xctest */ = {isa = PBXFileReference; explicitFileType = wrapper.cfbundle; includeInIndex = 0; path = CoreLocationFrameworkUITests.xctest; sourceTree = BUILT_PRODUCTS_DIR; };
		DEF3CA4528267F290050081C /* CoreLocationFrameworkUITests.swift */ = {isa = PBXFileReference; lastKnownFileType = sourcecode.swift; path = CoreLocationFrameworkUITests.swift; sourceTree = "<group>"; };
		DEF3CA4728267F290050081C /* CoreLocationFrameworkUITestsLaunchTests.swift */ = {isa = PBXFileReference; lastKnownFileType = sourcecode.swift; path = CoreLocationFrameworkUITestsLaunchTests.swift; sourceTree = "<group>"; };
		DEF3CA5528267F500050081C /* CoreLocation.framework */ = {isa = PBXFileReference; lastKnownFileType = wrapper.framework; name = CoreLocation.framework; path = System/Library/Frameworks/CoreLocation.framework; sourceTree = SDKROOT; };
/* End PBXFileReference section */

/* Begin PBXFrameworksBuildPhase section */
		DEF3CA1E28267F280050081C /* Frameworks */ = {
			isa = PBXFrameworksBuildPhase;
			buildActionMask = 2147483647;
			files = (
				DEF3CA5628267F500050081C /* CoreLocation.framework in Frameworks */,
			);
			runOnlyForDeploymentPostprocessing = 0;
		};
		DEF3CA3428267F290050081C /* Frameworks */ = {
			isa = PBXFrameworksBuildPhase;
			buildActionMask = 2147483647;
			files = (
			);
			runOnlyForDeploymentPostprocessing = 0;
		};
		DEF3CA3E28267F290050081C /* Frameworks */ = {
			isa = PBXFrameworksBuildPhase;
			buildActionMask = 2147483647;
			files = (
			);
			runOnlyForDeploymentPostprocessing = 0;
		};
/* End PBXFrameworksBuildPhase section */

/* Begin PBXGroup section */
		DEF3CA1828267F280050081C = {
			isa = PBXGroup;
			children = (
				DEF3CA2328267F280050081C /* CoreLocationFramework */,
				DEF3CA3A28267F290050081C /* CoreLocationFrameworkTests */,
				DEF3CA4428267F290050081C /* CoreLocationFrameworkUITests */,
				DEF3CA2228267F280050081C /* Products */,
				DEF3CA5428267F500050081C /* Frameworks */,
			);
			sourceTree = "<group>";
		};
		DEF3CA2228267F280050081C /* Products */ = {
			isa = PBXGroup;
			children = (
				DEF3CA2128267F280050081C /* CoreLocationFramework.app */,
				DEF3CA3728267F290050081C /* CoreLocationFrameworkTests.xctest */,
				DEF3CA4128267F290050081C /* CoreLocationFrameworkUITests.xctest */,
			);
			name = Products;
			sourceTree = "<group>";
		};
		DEF3CA2328267F280050081C /* CoreLocationFramework */ = {
			isa = PBXGroup;
			children = (
				DEF3CA2428267F280050081C /* AppDelegate.swift */,
				DEF3CA2628267F280050081C /* SceneDelegate.swift */,
				DEF3CA2828267F280050081C /* ViewController.swift */,
				DEF3CA2A28267F280050081C /* Main.storyboard */,
				DEF3CA2D28267F290050081C /* Assets.xcassets */,
				DEF3CA2F28267F290050081C /* LaunchScreen.storyboard */,
				DEF3CA3228267F290050081C /* Info.plist */,
			);
			path = CoreLocationFramework;
			sourceTree = "<group>";
		};
		DEF3CA3A28267F290050081C /* CoreLocationFrameworkTests */ = {
			isa = PBXGroup;
			children = (
				DEF3CA3B28267F290050081C /* CoreLocationFrameworkTests.swift */,
			);
			path = CoreLocationFrameworkTests;
			sourceTree = "<group>";
		};
		DEF3CA4428267F290050081C /* CoreLocationFrameworkUITests */ = {
			isa = PBXGroup;
			children = (
				DEF3CA4528267F290050081C /* CoreLocationFrameworkUITests.swift */,
				DEF3CA4728267F290050081C /* CoreLocationFrameworkUITestsLaunchTests.swift */,
			);
			path = CoreLocationFrameworkUITests;
			sourceTree = "<group>";
		};
		DEF3CA5428267F500050081C /* Frameworks */ = {
			isa = PBXGroup;
			children = (
				DEF3CA5528267F500050081C /* CoreLocation.framework */,
			);
			name = Frameworks;
			sourceTree = "<group>";
		};
/* End PBXGroup section */

/* Begin PBXNativeTarget section */
		DEF3CA2028267F280050081C /* CoreLocationFramework */ = {
			isa = PBXNativeTarget;
			buildConfigurationList = DEF3CA4B28267F290050081C /* Build configuration list for PBXNativeTarget "CoreLocationFramework" */;
			buildPhases = (
				DEF3CA1D28267F280050081C /* Sources */,
				DEF3CA1E28267F280050081C /* Frameworks */,
				DEF3CA1F28267F280050081C /* Resources */,
			);
			buildRules = (
			);
			dependencies = (
			);
			name = CoreLocationFramework;
			productName = CoreLocationFramework;
			productReference = DEF3CA2128267F280050081C /* CoreLocationFramework.app */;
			productType = "com.apple.product-type.application";
		};
		DEF3CA3628267F290050081C /* CoreLocationFrameworkTests */ = {
			isa = PBXNativeTarget;
			buildConfigurationList = DEF3CA4E28267F290050081C /* Build configuration list for PBXNativeTarget "CoreLocationFrameworkTests" */;
			buildPhases = (
				DEF3CA3328267F290050081C /* Sources */,
				DEF3CA3428267F290050081C /* Frameworks */,
				DEF3CA3528267F290050081C /* Resources */,
			);
			buildRules = (
			);
			dependencies = (
				DEF3CA3928267F290050081C /* PBXTargetDependency */,
			);
			name = CoreLocationFrameworkTests;
			productName = CoreLocationFrameworkTests;
			productReference = DEF3CA3728267F290050081C /* CoreLocationFrameworkTests.xctest */;
			productType = "com.apple.product-type.bundle.unit-test";
		};
		DEF3CA4028267F290050081C /* CoreLocationFrameworkUITests */ = {
			isa = PBXNativeTarget;
			buildConfigurationList = DEF3CA5128267F290050081C /* Build configuration list for PBXNativeTarget "CoreLocationFrameworkUITests" */;
			buildPhases = (
				DEF3CA3D28267F290050081C /* Sources */,
				DEF3CA3E28267F290050081C /* Frameworks */,
				DEF3CA3F28267F290050081C /* Resources */,
			);
			buildRules = (
			);
			dependencies = (
				DEF3CA4328267F290050081C /* PBXTargetDependency */,
			);
			name = CoreLocationFrameworkUITests;
			productName = CoreLocationFrameworkUITests;
			productReference = DEF3CA4128267F290050081C /* CoreLocationFrameworkUITests.xctest */;
			productType = "com.apple.product-type.bundle.ui-testing";
		};
/* End PBXNativeTarget section */

/* Begin PBXProject section */
		DEF3CA1928267F280050081C /* Project object */ = {
			isa = PBXProject;
			attributes = {
				BuildIndependentTargetsInParallel = 1;
				LastSwiftUpdateCheck = 1320;
				LastUpgradeCheck = 1320;
				TargetAttributes = {
					DEF3CA2028267F280050081C = {
						CreatedOnToolsVersion = 13.2.1;
					};
					DEF3CA3628267F290050081C = {
						CreatedOnToolsVersion = 13.2.1;
						TestTargetID = DEF3CA2028267F280050081C;
					};
					DEF3CA4028267F290050081C = {
						CreatedOnToolsVersion = 13.2.1;
						TestTargetID = DEF3CA2028267F280050081C;
					};
				};
			};
			buildConfigurationList = DEF3CA1C28267F280050081C /* Build configuration list for PBXProject "CoreLocationFramework" */;
			compatibilityVersion = "Xcode 13.0";
			developmentRegion = en;
			hasScannedForEncodings = 0;
			knownRegions = (
				en,
				Base,
			);
			mainGroup = DEF3CA1828267F280050081C;
			productRefGroup = DEF3CA2228267F280050081C /* Products */;
			projectDirPath = "";
			projectRoot = "";
			targets = (
				DEF3CA2028267F280050081C /* CoreLocationFramework */,
				DEF3CA3628267F290050081C /* CoreLocationFrameworkTests */,
				DEF3CA4028267F290050081C /* CoreLocationFrameworkUITests */,
			);
		};
/* End PBXProject section */

/* Begin PBXResourcesBuildPhase section */
		DEF3CA1F28267F280050081C /* Resources */ = {
			isa = PBXResourcesBuildPhase;
			buildActionMask = 2147483647;
			files = (
				DEF3CA3128267F290050081C /* LaunchScreen.storyboard in Resources */,
				DEF3CA2E28267F290050081C /* Assets.xcassets in Resources */,
				DEF3CA2C28267F280050081C /* Main.storyboard in Resources */,
			);
			runOnlyForDeploymentPostprocessing = 0;
		};
		DEF3CA3528267F290050081C /* Resources */ = {
			isa = PBXResourcesBuildPhase;
			buildActionMask = 2147483647;
			files = (
			);
			runOnlyForDeploymentPostprocessing = 0;
		};
		DEF3CA3F28267F290050081C /* Resources */ = {
			isa = PBXResourcesBuildPhase;
			buildActionMask = 2147483647;
			files = (
			);
			runOnlyForDeploymentPostprocessing = 0;
		};
/* End PBXResourcesBuildPhase section */

/* Begin PBXSourcesBuildPhase section */
		DEF3CA1D28267F280050081C /* Sources */ = {
			isa = PBXSourcesBuildPhase;
			buildActionMask = 2147483647;
			files = (
				DEF3CA2928267F280050081C /* ViewController.swift in Sources */,
				DEF3CA2528267F280050081C /* AppDelegate.swift in Sources */,
				DEF3CA2728267F280050081C /* SceneDelegate.swift in Sources */,
			);
			runOnlyForDeploymentPostprocessing = 0;
		};
		DEF3CA3328267F290050081C /* Sources */ = {
			isa = PBXSourcesBuildPhase;
			buildActionMask = 2147483647;
			files = (
				DEF3CA3C28267F290050081C /* CoreLocationFrameworkTests.swift in Sources */,
			);
			runOnlyForDeploymentPostprocessing = 0;
		};
		DEF3CA3D28267F290050081C /* Sources */ = {
			isa = PBXSourcesBuildPhase;
			buildActionMask = 2147483647;
			files = (
				DEF3CA4628267F290050081C /* CoreLocationFrameworkUITests.swift in Sources */,
				DEF3CA4828267F290050081C /* CoreLocationFrameworkUITestsLaunchTests.swift in Sources */,
			);
			runOnlyForDeploymentPostprocessing = 0;
		};
/* End PBXSourcesBuildPhase section */

/* Begin PBXTargetDependency section */
		DEF3CA3928267F290050081C /* PBXTargetDependency */ = {
			isa = PBXTargetDependency;
			target = DEF3CA2028267F280050081C /* CoreLocationFramework */;
			targetProxy = DEF3CA3828267F290050081C /* PBXContainerItemProxy */;
		};
		DEF3CA4328267F290050081C /* PBXTargetDependency */ = {
			isa = PBXTargetDependency;
			target = DEF3CA2028267F280050081C /* CoreLocationFramework */;
			targetProxy = DEF3CA4228267F290050081C /* PBXContainerItemProxy */;
		};
/* End PBXTargetDependency section */

/* Begin PBXVariantGroup section */
		DEF3CA2A28267F280050081C /* Main.storyboard */ = {
			isa = PBXVariantGroup;
			children = (
				DEF3CA2B28267F280050081C /* Base */,
			);
			name = Main.storyboard;
			sourceTree = "<group>";
		};
		DEF3CA2F28267F290050081C /* LaunchScreen.storyboard */ = {
			isa = PBXVariantGroup;
			children = (
				DEF3CA3028267F290050081C /* Base */,
			);
			name = LaunchScreen.storyboard;
			sourceTree = "<group>";
		};
/* End PBXVariantGroup section */

/* Begin XCBuildConfiguration section */
		DEF3CA4928267F290050081C /* Debug */ = {
			isa = XCBuildConfiguration;
			buildSettings = {
				ALWAYS_SEARCH_USER_PATHS = NO;
				CLANG_ANALYZER_NONNULL = YES;
				CLANG_ANALYZER_NUMBER_OBJECT_CONVERSION = YES_AGGRESSIVE;
				CLANG_CXX_LANGUAGE_STANDARD = "gnu++17";
				CLANG_CXX_LIBRARY = "libc++";
				CLANG_ENABLE_MODULES = YES;
				CLANG_ENABLE_OBJC_ARC = YES;
				CLANG_ENABLE_OBJC_WEAK = YES;
				CLANG_WARN_BLOCK_CAPTURE_AUTORELEASING = YES;
				CLANG_WARN_BOOL_CONVERSION = YES;
				CLANG_WARN_COMMA = YES;
				CLANG_WARN_CONSTANT_CONVERSION = YES;
				CLANG_WARN_DEPRECATED_OBJC_IMPLEMENTATIONS = YES;
				CLANG_WARN_DIRECT_OBJC_ISA_USAGE = YES_ERROR;
				CLANG_WARN_DOCUMENTATION_COMMENTS = YES;
				CLANG_WARN_EMPTY_BODY = YES;
				CLANG_WARN_ENUM_CONVERSION = YES;
				CLANG_WARN_INFINITE_RECURSION = YES;
				CLANG_WARN_INT_CONVERSION = YES;
				CLANG_WARN_NON_LITERAL_NULL_CONVERSION = YES;
				CLANG_WARN_OBJC_IMPLICIT_RETAIN_SELF = YES;
				CLANG_WARN_OBJC_LITERAL_CONVERSION = YES;
				CLANG_WARN_OBJC_ROOT_CLASS = YES_ERROR;
				CLANG_WARN_QUOTED_INCLUDE_IN_FRAMEWORK_HEADER = YES;
				CLANG_WARN_RANGE_LOOP_ANALYSIS = YES;
				CLANG_WARN_STRICT_PROTOTYPES = YES;
				CLANG_WARN_SUSPICIOUS_MOVE = YES;
				CLANG_WARN_UNGUARDED_AVAILABILITY = YES_AGGRESSIVE;
				CLANG_WARN_UNREACHABLE_CODE = YES;
				CLANG_WARN__DUPLICATE_METHOD_MATCH = YES;
				COPY_PHASE_STRIP = NO;
				DEBUG_INFORMATION_FORMAT = dwarf;
				ENABLE_STRICT_OBJC_MSGSEND = YES;
				ENABLE_TESTABILITY = YES;
				GCC_C_LANGUAGE_STANDARD = gnu11;
				GCC_DYNAMIC_NO_PIC = NO;
				GCC_NO_COMMON_BLOCKS = YES;
				GCC_OPTIMIZATION_LEVEL = 0;
				GCC_PREPROCESSOR_DEFINITIONS = (
					"DEBUG=1",
					"$(inherited)",
				);
				GCC_WARN_64_TO_32_BIT_CONVERSION = YES;
				GCC_WARN_ABOUT_RETURN_TYPE = YES_ERROR;
				GCC_WARN_UNDECLARED_SELECTOR = YES;
				GCC_WARN_UNINITIALIZED_AUTOS = YES_AGGRESSIVE;
				GCC_WARN_UNUSED_FUNCTION = YES;
				GCC_WARN_UNUSED_VARIABLE = YES;
				IPHONEOS_DEPLOYMENT_TARGET = 15.2;
				MTL_ENABLE_DEBUG_INFO = INCLUDE_SOURCE;
				MTL_FAST_MATH = YES;
				ONLY_ACTIVE_ARCH = YES;
				SDKROOT = iphoneos;
				SWIFT_ACTIVE_COMPILATION_CONDITIONS = DEBUG;
				SWIFT_OPTIMIZATION_LEVEL = "-Onone";
			};
			name = Debug;
		};
		DEF3CA4A28267F290050081C /* Release */ = {
			isa = XCBuildConfiguration;
			buildSettings = {
				ALWAYS_SEARCH_USER_PATHS = NO;
				CLANG_ANALYZER_NONNULL = YES;
				CLANG_ANALYZER_NUMBER_OBJECT_CONVERSION = YES_AGGRESSIVE;
				CLANG_CXX_LANGUAGE_STANDARD = "gnu++17";
				CLANG_CXX_LIBRARY = "libc++";
				CLANG_ENABLE_MODULES = YES;
				CLANG_ENABLE_OBJC_ARC = YES;
				CLANG_ENABLE_OBJC_WEAK = YES;
				CLANG_WARN_BLOCK_CAPTURE_AUTORELEASING = YES;
				CLANG_WARN_BOOL_CONVERSION = YES;
				CLANG_WARN_COMMA = YES;
				CLANG_WARN_CONSTANT_CONVERSION = YES;
				CLANG_WARN_DEPRECATED_OBJC_IMPLEMENTATIONS = YES;
				CLANG_WARN_DIRECT_OBJC_ISA_USAGE = YES_ERROR;
				CLANG_WARN_DOCUMENTATION_COMMENTS = YES;
				CLANG_WARN_EMPTY_BODY = YES;
				CLANG_WARN_ENUM_CONVERSION = YES;
				CLANG_WARN_INFINITE_RECURSION = YES;
				CLANG_WARN_INT_CONVERSION = YES;
				CLANG_WARN_NON_LITERAL_NULL_CONVERSION = YES;
				CLANG_WARN_OBJC_IMPLICIT_RETAIN_SELF = YES;
				CLANG_WARN_OBJC_LITERAL_CONVERSION = YES;
				CLANG_WARN_OBJC_ROOT_CLASS = YES_ERROR;
				CLANG_WARN_QUOTED_INCLUDE_IN_FRAMEWORK_HEADER = YES;
				CLANG_WARN_RANGE_LOOP_ANALYSIS = YES;
				CLANG_WARN_STRICT_PROTOTYPES = YES;
				CLANG_WARN_SUSPICIOUS_MOVE = YES;
				CLANG_WARN_UNGUARDED_AVAILABILITY = YES_AGGRESSIVE;
				CLANG_WARN_UNREACHABLE_CODE = YES;
				CLANG_WARN__DUPLICATE_METHOD_MATCH = YES;
				COPY_PHASE_STRIP = NO;
				DEBUG_INFORMATION_FORMAT = "dwarf-with-dsym";
				ENABLE_NS_ASSERTIONS = NO;
				ENABLE_STRICT_OBJC_MSGSEND = YES;
				GCC_C_LANGUAGE_STANDARD = gnu11;
				GCC_NO_COMMON_BLOCKS = YES;
				GCC_WARN_64_TO_32_BIT_CONVERSION = YES;
				GCC_WARN_ABOUT_RETURN_TYPE = YES_ERROR;
				GCC_WARN_UNDECLARED_SELECTOR = YES;
				GCC_WARN_UNINITIALIZED_AUTOS = YES_AGGRESSIVE;
				GCC_WARN_UNUSED_FUNCTION = YES;
				GCC_WARN_UNUSED_VARIABLE = YES;
				IPHONEOS_DEPLOYMENT_TARGET = 15.2;
				MTL_ENABLE_DEBUG_INFO = NO;
				MTL_FAST_MATH = YES;
				SDKROOT = iphoneos;
				SWIFT_COMPILATION_MODE = wholemodule;
				SWIFT_OPTIMIZATION_LEVEL = "-O";
				VALIDATE_PRODUCT = YES;
			};
			name = Release;
		};
		DEF3CA4C28267F290050081C /* Debug */ = {
			isa = XCBuildConfiguration;
			buildSettings = {
				ASSETCATALOG_COMPILER_APPICON_NAME = AppIcon;
				ASSETCATALOG_COMPILER_GLOBAL_ACCENT_COLOR_NAME = AccentColor;
				CODE_SIGN_STYLE = Automatic;
				CURRENT_PROJECT_VERSION = 1;
				DEVELOPMENT_TEAM = 7CRNJ953YN;
				GENERATE_INFOPLIST_FILE = YES;
				INFOPLIST_FILE = CoreLocationFramework/Info.plist;
				INFOPLIST_KEY_UIApplicationSupportsIndirectInputEvents = YES;
				INFOPLIST_KEY_UILaunchStoryboardName = LaunchScreen;
				INFOPLIST_KEY_UIMainStoryboardFile = Main;
				INFOPLIST_KEY_UISupportedInterfaceOrientations_iPad = "UIInterfaceOrientationPortrait UIInterfaceOrientationPortraitUpsideDown UIInterfaceOrientationLandscapeLeft UIInterfaceOrientationLandscapeRight";
				INFOPLIST_KEY_UISupportedInterfaceOrientations_iPhone = "UIInterfaceOrientationPortrait UIInterfaceOrientationLandscapeLeft UIInterfaceOrientationLandscapeRight";
				LD_RUNPATH_SEARCH_PATHS = (
					"$(inherited)",
					"@executable_path/Frameworks",
				);
				MARKETING_VERSION = 1.0;
				PRODUCT_BUNDLE_IDENTIFIER = com.omerKilicaslan.CoreLocationFramework;
				PRODUCT_NAME = "$(TARGET_NAME)";
				SWIFT_EMIT_LOC_STRINGS = YES;
				SWIFT_VERSION = 5.0;
				TARGETED_DEVICE_FAMILY = "1,2";
			};
			name = Debug;
		};
		DEF3CA4D28267F290050081C /* Release */ = {
			isa = XCBuildConfiguration;
			buildSettings = {
				ASSETCATALOG_COMPILER_APPICON_NAME = AppIcon;
				ASSETCATALOG_COMPILER_GLOBAL_ACCENT_COLOR_NAME = AccentColor;
				CODE_SIGN_STYLE = Automatic;
				CURRENT_PROJECT_VERSION = 1;
				DEVELOPMENT_TEAM = 7CRNJ953YN;
				GENERATE_INFOPLIST_FILE = YES;
				INFOPLIST_FILE = CoreLocationFramework/Info.plist;
				INFOPLIST_KEY_UIApplicationSupportsIndirectInputEvents = YES;
				INFOPLIST_KEY_UILaunchStoryboardName = LaunchScreen;
				INFOPLIST_KEY_UIMainStoryboardFile = Main;
				INFOPLIST_KEY_UISupportedInterfaceOrientations_iPad = "UIInterfaceOrientationPortrait UIInterfaceOrientationPortraitUpsideDown UIInterfaceOrientationLandscapeLeft UIInterfaceOrientationLandscapeRight";
				INFOPLIST_KEY_UISupportedInterfaceOrientations_iPhone = "UIInterfaceOrientationPortrait UIInterfaceOrientationLandscapeLeft UIInterfaceOrientationLandscapeRight";
				LD_RUNPATH_SEARCH_PATHS = (
					"$(inherited)",
					"@executable_path/Frameworks",
				);
				MARKETING_VERSION = 1.0;
				PRODUCT_BUNDLE_IDENTIFIER = com.omerKilicaslan.CoreLocationFramework;
				PRODUCT_NAME = "$(TARGET_NAME)";
				SWIFT_EMIT_LOC_STRINGS = YES;
				SWIFT_VERSION = 5.0;
				TARGETED_DEVICE_FAMILY = "1,2";
			};
			name = Release;
		};
		DEF3CA4F28267F290050081C /* Debug */ = {
			isa = XCBuildConfiguration;
			buildSettings = {
				ALWAYS_EMBED_SWIFT_STANDARD_LIBRARIES = YES;
				BUNDLE_LOADER = "$(TEST_HOST)";
				CODE_SIGN_STYLE = Automatic;
				CURRENT_PROJECT_VERSION = 1;
				DEVELOPMENT_TEAM = 7CRNJ953YN;
				GENERATE_INFOPLIST_FILE = YES;
				IPHONEOS_DEPLOYMENT_TARGET = 15.2;
				MARKETING_VERSION = 1.0;
				PRODUCT_BUNDLE_IDENTIFIER = com.omerKilicaslan.CoreLocationFrameworkTests;
				PRODUCT_NAME = "$(TARGET_NAME)";
				SWIFT_EMIT_LOC_STRINGS = NO;
				SWIFT_VERSION = 5.0;
				TARGETED_DEVICE_FAMILY = "1,2";
				TEST_HOST = "$(BUILT_PRODUCTS_DIR)/CoreLocationFramework.app/CoreLocationFramework";
			};
			name = Debug;
		};
		DEF3CA5028267F290050081C /* Release */ = {
			isa = XCBuildConfiguration;
			buildSettings = {
				ALWAYS_EMBED_SWIFT_STANDARD_LIBRARIES = YES;
				BUNDLE_LOADER = "$(TEST_HOST)";
				CODE_SIGN_STYLE = Automatic;
				CURRENT_PROJECT_VERSION = 1;
				DEVELOPMENT_TEAM = 7CRNJ953YN;
				GENERATE_INFOPLIST_FILE = YES;
				IPHONEOS_DEPLOYMENT_TARGET = 15.2;
				MARKETING_VERSION = 1.0;
				PRODUCT_BUNDLE_IDENTIFIER = com.omerKilicaslan.CoreLocationFrameworkTests;
				PRODUCT_NAME = "$(TARGET_NAME)";
				SWIFT_EMIT_LOC_STRINGS = NO;
				SWIFT_VERSION = 5.0;
				TARGETED_DEVICE_FAMILY = "1,2";
				TEST_HOST = "$(BUILT_PRODUCTS_DIR)/CoreLocationFramework.app/CoreLocationFramework";
			};
			name = Release;
		};
		DEF3CA5228267F290050081C /* Debug */ = {
			isa = XCBuildConfiguration;
			buildSettings = {
				ALWAYS_EMBED_SWIFT_STANDARD_LIBRARIES = YES;
				CODE_SIGN_STYLE = Automatic;
				CURRENT_PROJECT_VERSION = 1;
				DEVELOPMENT_TEAM = 7CRNJ953YN;
				GENERATE_INFOPLIST_FILE = YES;
				MARKETING_VERSION = 1.0;
				PRODUCT_BUNDLE_IDENTIFIER = com.omerKilicaslan.CoreLocationFrameworkUITests;
				PRODUCT_NAME = "$(TARGET_NAME)";
				SWIFT_EMIT_LOC_STRINGS = NO;
				SWIFT_VERSION = 5.0;
				TARGETED_DEVICE_FAMILY = "1,2";
				TEST_TARGET_NAME = CoreLocationFramework;
			};
			name = Debug;
		};
		DEF3CA5328267F290050081C /* Release */ = {
			isa = XCBuildConfiguration;
			buildSettings = {
				ALWAYS_EMBED_SWIFT_STANDARD_LIBRARIES = YES;
				CODE_SIGN_STYLE = Automatic;
				CURRENT_PROJECT_VERSION = 1;
				DEVELOPMENT_TEAM = 7CRNJ953YN;
				GENERATE_INFOPLIST_FILE = YES;
				MARKETING_VERSION = 1.0;
				PRODUCT_BUNDLE_IDENTIFIER = com.omerKilicaslan.CoreLocationFrameworkUITests;
				PRODUCT_NAME = "$(TARGET_NAME)";
				SWIFT_EMIT_LOC_STRINGS = NO;
				SWIFT_VERSION = 5.0;
				TARGETED_DEVICE_FAMILY = "1,2";
				TEST_TARGET_NAME = CoreLocationFramework;
			};
			name = Release;
		};
/* End XCBuildConfiguration section */

/* Begin XCConfigurationList section */
		DEF3CA1C28267F280050081C /* Build configuration list for PBXProject "CoreLocationFramework" */ = {
			isa = XCConfigurationList;
			buildConfigurations = (
				DEF3CA4928267F290050081C /* Debug */,
				DEF3CA4A28267F290050081C /* Release */,
			);
			defaultConfigurationIsVisible = 0;
			defaultConfigurationName = Release;
		};
		DEF3CA4B28267F290050081C /* Build configuration list for PBXNativeTarget "CoreLocationFramework" */ = {
			isa = XCConfigurationList;
			buildConfigurations = (
				DEF3CA4C28267F290050081C /* Debug */,
				DEF3CA4D28267F290050081C /* Release */,
			);
			defaultConfigurationIsVisible = 0;
			defaultConfigurationName = Release;
		};
		DEF3CA4E28267F290050081C /* Build configuration list for PBXNativeTarget "CoreLocationFrameworkTests" */ = {
			isa = XCConfigurationList;
			buildConfigurations = (
				DEF3CA4F28267F290050081C /* Debug */,
				DEF3CA5028267F290050081C /* Release */,
			);
			defaultConfigurationIsVisible = 0;
			defaultConfigurationName = Release;
		};
		DEF3CA5128267F290050081C /* Build configuration list for PBXNativeTarget "CoreLocationFrameworkUITests" */ = {
			isa = XCConfigurationList;
			buildConfigurations = (
				DEF3CA5228267F290050081C /* Debug */,
				DEF3CA5328267F290050081C /* Release */,
			);
			defaultConfigurationIsVisible = 0;
			defaultConfigurationName = Release;
		};
/* End XCConfigurationList section */
	};
	rootObject = DEF3CA1928267F280050081C /* Project object */;
}
